
Microsoft Visual Studio Solution File, Format Version 12.00
# Visual Studio Version 17
VisualStudioVersion = 17.4.33103.184
MinimumVisualStudioVersion = 10.0.40219.1
Project("{9A19103F-16F7-4668-BE54-9A1E7A4F7556}") = "Case", "JusticeManagement\Case.csproj", "{6F81CEB7-B985-4B97-8F4E-AB014AF36D00}"
EndProject
Global
	GlobalSection(SolutionConfigurationPlatforms) = preSolution
		Debug|Any CPU = Debug|Any CPU
		Release|Any CPU = Release|Any CPU
	EndGlobalSection
	GlobalSection(ProjectConfigurationPlatforms) = postSolution
		{6F81CEB7-B985-4B97-8F4E-AB014AF36D00}.Debug|Any CPU.ActiveCfg = Debug|Any CPU
		{6F81CEB7-B985-4B97-8F4E-AB014AF36D00}.Debug|Any CPU.Build.0 = Debug|Any CPU
		{6F81CEB7-B985-4B97-8F4E-AB014AF36D00}.Release|Any CPU.ActiveCfg = Release|Any CPU
		{6F81CEB7-B985-4B97-8F4E-AB014AF36D00}.Release|Any CPU.Build.0 = Release|Any CPU
	EndGlobalSection
	GlobalSection(SolutionProperties) = preSolution
		HideSolutionNode = FALSE
	EndGlobalSection
	GlobalSection(ExtensibilityGlobals) = postSolution
		SolutionGuid = {D3F87A69-6483-4776-9BF4-6F9260F98455}
	EndGlobalSection
EndGlobal
